// !$*UTF8*$!
{
	archiveVersion = 1;
	classes = {
	};
	objectVersion = 50;
	objects = {

/* Begin PBXBuildFile section */
		AB80E40524C8902A00A16D75 /* AppDelegate.swift in Sources */ = {isa = PBXBuildFile; fileRef = AB80E40424C8902A00A16D75 /* AppDelegate.swift */; };
		AB80E40724C8902A00A16D75 /* SceneDelegate.swift in Sources */ = {isa = PBXBuildFile; fileRef = AB80E40624C8902A00A16D75 /* SceneDelegate.swift */; };
		AB80E40924C8902A00A16D75 /* ViewController.swift in Sources */ = {isa = PBXBuildFile; fileRef = AB80E40824C8902A00A16D75 /* ViewController.swift */; };
		AB80E40C24C8902A00A16D75 /* Main.storyboard in Resources */ = {isa = PBXBuildFile; fileRef = AB80E40A24C8902A00A16D75 /* Main.storyboard */; };
		AB80E40F24C8902A00A16D75 /* StoryBoardIntro.xcdatamodeld in Sources */ = {isa = PBXBuildFile; fileRef = AB80E40D24C8902A00A16D75 /* StoryBoardIntro.xcdatamodeld */; };
		AB80E41124C8902C00A16D75 /* Assets.xcassets in Resources */ = {isa = PBXBuildFile; fileRef = AB80E41024C8902C00A16D75 /* Assets.xcassets */; };
		AB80E41424C8902C00A16D75 /* LaunchScreen.storyboard in Resources */ = {isa = PBXBuildFile; fileRef = AB80E41224C8902C00A16D75 /* LaunchScreen.storyboard */; };
		AB80E41F24C8902C00A16D75 /* StoryBoardIntroTests.swift in Sources */ = {isa = PBXBuildFile; fileRef = AB80E41E24C8902C00A16D75 /* StoryBoardIntroTests.swift */; };
		AB80E42A24C8902C00A16D75 /* StoryBoardIntroUITests.swift in Sources */ = {isa = PBXBuildFile; fileRef = AB80E42924C8902C00A16D75 /* StoryBoardIntroUITests.swift */; };
/* End PBXBuildFile section */

/* Begin PBXContainerItemProxy section */
		AB80E41B24C8902C00A16D75 /* PBXContainerItemProxy */ = {
			isa = PBXContainerItemProxy;
			containerPortal = AB80E3F924C8902A00A16D75 /* Project object */;
			proxyType = 1;
			remoteGlobalIDString = AB80E40024C8902A00A16D75;
			remoteInfo = StoryBoardIntro;
		};
		AB80E42624C8902C00A16D75 /* PBXContainerItemProxy */ = {
			isa = PBXContainerItemProxy;
			containerPortal = AB80E3F924C8902A00A16D75 /* Project object */;
			proxyType = 1;
			remoteGlobalIDString = AB80E40024C8902A00A16D75;
			remoteInfo = StoryBoardIntro;
		};
/* End PBXContainerItemProxy section */

/* Begin PBXFileReference section */
		AB80E40124C8902A00A16D75 /* StoryBoardIntro.app */ = {isa = PBXFileReference; explicitFileType = wrapper.application; includeInIndex = 0; path = StoryBoardIntro.app; sourceTree = BUILT_PRODUCTS_DIR; };
		AB80E40424C8902A00A16D75 /* AppDelegate.swift */ = {isa = PBXFileReference; lastKnownFileType = sourcecode.swift; path = AppDelegate.swift; sourceTree = "<group>"; };
		AB80E40624C8902A00A16D75 /* SceneDelegate.swift */ = {isa = PBXFileReference; lastKnownFileType = sourcecode.swift; path = SceneDelegate.swift; sourceTree = "<group>"; };
		AB80E40824C8902A00A16D75 /* ViewController.swift */ = {isa = PBXFileReference; lastKnownFileType = sourcecode.swift; path = ViewController.swift; sourceTree = "<group>"; };
		AB80E40B24C8902A00A16D75 /* Base */ = {isa = PBXFileReference; lastKnownFileType = file.storyboard; name = Base; path = Base.lproj/Main.storyboard; sourceTree = "<group>"; };
		AB80E40E24C8902A00A16D75 /* StoryBoardIntro.xcdatamodel */ = {isa = PBXFileReference; lastKnownFileType = wrapper.xcdatamodel; path = StoryBoardIntro.xcdatamodel; sourceTree = "<group>"; };
		AB80E41024C8902C00A16D75 /* Assets.xcassets */ = {isa = PBXFileReference; lastKnownFileType = folder.assetcatalog; path = Assets.xcassets; sourceTree = "<group>"; };
		AB80E41324C8902C00A16D75 /* Base */ = {isa = PBXFileReference; lastKnownFileType = file.storyboard; name = Base; path = Base.lproj/LaunchScreen.storyboard; sourceTree = "<group>"; };
		AB80E41524C8902C00A16D75 /* Info.plist */ = {isa = PBXFileReference; lastKnownFileType = text.plist.xml; path = Info.plist; sourceTree = "<group>"; };
		AB80E41A24C8902C00A16D75 /* StoryBoardIntroTests.xctest */ = {isa = PBXFileReference; explicitFileType = wrapper.cfbundle; includeInIndex = 0; path = StoryBoardIntroTests.xctest; sourceTree = BUILT_PRODUCTS_DIR; };
		AB80E41E24C8902C00A16D75 /* StoryBoardIntroTests.swift */ = {isa = PBXFileReference; lastKnownFileType = sourcecode.swift; path = StoryBoardIntroTests.swift; sourceTree = "<group>"; };
		AB80E42024C8902C00A16D75 /* Info.plist */ = {isa = PBXFileReference; lastKnownFileType = text.plist.xml; path = Info.plist; sourceTree = "<group>"; };
		AB80E42524C8902C00A16D75 /* StoryBoardIntroUITests.xctest */ = {isa = PBXFileReference; explicitFileType = wrapper.cfbundle; includeInIndex = 0; path = StoryBoardIntroUITests.xctest; sourceTree = BUILT_PRODUCTS_DIR; };
		AB80E42924C8902C00A16D75 /* StoryBoardIntroUITests.swift */ = {isa = PBXFileReference; lastKnownFileType = sourcecode.swift; path = StoryBoardIntroUITests.swift; sourceTree = "<group>"; };
		AB80E42B24C8902C00A16D75 /* Info.plist */ = {isa = PBXFileReference; lastKnownFileType = text.plist.xml; path = Info.plist; sourceTree = "<group>"; };
/* End PBXFileReference section */

/* Begin PBXFrameworksBuildPhase section */
		AB80E3FE24C8902A00A16D75 /* Frameworks */ = {
			isa = PBXFrameworksBuildPhase;
			buildActionMask = 2147483647;
			files = (
			);
			runOnlyForDeploymentPostprocessing = 0;
		};
		AB80E41724C8902C00A16D75 /* Frameworks */ = {
			isa = PBXFrameworksBuildPhase;
			buildActionMask = 2147483647;
			files = (
			);
			runOnlyForDeploymentPostprocessing = 0;
		};
		AB80E42224C8902C00A16D75 /* Frameworks */ = {
			isa = PBXFrameworksBuildPhase;
			buildActionMask = 2147483647;
			files = (
			);
			runOnlyForDeploymentPostprocessing = 0;
		};
/* End PBXFrameworksBuildPhase section */

/* Begin PBXGroup section */
		AB80E3F824C8902A00A16D75 = {
			isa = PBXGroup;
			children = (
				AB80E40324C8902A00A16D75 /* StoryBoardIntro */,
				AB80E41D24C8902C00A16D75 /* StoryBoardIntroTests */,
				AB80E42824C8902C00A16D75 /* StoryBoardIntroUITests */,
				AB80E40224C8902A00A16D75 /* Products */,
			);
			sourceTree = "<group>";
		};
		AB80E40224C8902A00A16D75 /* Products */ = {
			isa = PBXGroup;
			children = (
				AB80E40124C8902A00A16D75 /* StoryBoardIntro.app */,
				AB80E41A24C8902C00A16D75 /* StoryBoardIntroTests.xctest */,
				AB80E42524C8902C00A16D75 /* StoryBoardIntroUITests.xctest */,
			);
			name = Products;
			sourceTree = "<group>";
		};
		AB80E40324C8902A00A16D75 /* StoryBoardIntro */ = {
			isa = PBXGroup;
			children = (
				AB80E40424C8902A00A16D75 /* AppDelegate.swift */,
				AB80E40624C8902A00A16D75 /* SceneDelegate.swift */,
				AB80E40824C8902A00A16D75 /* ViewController.swift */,
				AB80E40A24C8902A00A16D75 /* Main.storyboard */,
				AB80E41024C8902C00A16D75 /* Assets.xcassets */,
				AB80E41224C8902C00A16D75 /* LaunchScreen.storyboard */,
				AB80E41524C8902C00A16D75 /* Info.plist */,
				AB80E40D24C8902A00A16D75 /* StoryBoardIntro.xcdatamodeld */,
			);
			path = StoryBoardIntro;
			sourceTree = "<group>";
		};
		AB80E41D24C8902C00A16D75 /* StoryBoardIntroTests */ = {
			isa = PBXGroup;
			children = (
				AB80E41E24C8902C00A16D75 /* StoryBoardIntroTests.swift */,
				AB80E42024C8902C00A16D75 /* Info.plist */,
			);
			path = StoryBoardIntroTests;
			sourceTree = "<group>";
		};
		AB80E42824C8902C00A16D75 /* StoryBoardIntroUITests */ = {
			isa = PBXGroup;
			children = (
				AB80E42924C8902C00A16D75 /* StoryBoardIntroUITests.swift */,
				AB80E42B24C8902C00A16D75 /* Info.plist */,
			);
			path = StoryBoardIntroUITests;
			sourceTree = "<group>";
		};
/* End PBXGroup section */

/* Begin PBXNativeTarget section */
		AB80E40024C8902A00A16D75 /* StoryBoardIntro */ = {
			isa = PBXNativeTarget;
			buildConfigurationList = AB80E42E24C8902C00A16D75 /* Build configuration list for PBXNativeTarget "StoryBoardIntro" */;
			buildPhases = (
				AB80E3FD24C8902A00A16D75 /* Sources */,
				AB80E3FE24C8902A00A16D75 /* Frameworks */,
				AB80E3FF24C8902A00A16D75 /* Resources */,
			);
			buildRules = (
			);
			dependencies = (
			);
			name = StoryBoardIntro;
			productName = StoryBoardIntro;
			productReference = AB80E40124C8902A00A16D75 /* StoryBoardIntro.app */;
			productType = "com.apple.product-type.application";
		};
		AB80E41924C8902C00A16D75 /* StoryBoardIntroTests */ = {
			isa = PBXNativeTarget;
			buildConfigurationList = AB80E43124C8902C00A16D75 /* Build configuration list for PBXNativeTarget "StoryBoardIntroTests" */;
			buildPhases = (
				AB80E41624C8902C00A16D75 /* Sources */,
				AB80E41724C8902C00A16D75 /* Frameworks */,
				AB80E41824C8902C00A16D75 /* Resources */,
			);
			buildRules = (
			);
			dependencies = (
				AB80E41C24C8902C00A16D75 /* PBXTargetDependency */,
			);
			name = StoryBoardIntroTests;
			productName = StoryBoardIntroTests;
			productReference = AB80E41A24C8902C00A16D75 /* StoryBoardIntroTests.xctest */;
			productType = "com.apple.product-type.bundle.unit-test";
		};
		AB80E42424C8902C00A16D75 /* StoryBoardIntroUITests */ = {
			isa = PBXNativeTarget;
			buildConfigurationList = AB80E43424C8902C00A16D75 /* Build configuration list for PBXNativeTarget "StoryBoardIntroUITests" */;
			buildPhases = (
				AB80E42124C8902C00A16D75 /* Sources */,
				AB80E42224C8902C00A16D75 /* Frameworks */,
				AB80E42324C8902C00A16D75 /* Resources */,
			);
			buildRules = (
			);
			dependencies = (
				AB80E42724C8902C00A16D75 /* PBXTargetDependency */,
			);
			name = StoryBoardIntroUITests;
			productName = StoryBoardIntroUITests;
			productReference = AB80E42524C8902C00A16D75 /* StoryBoardIntroUITests.xctest */;
			productType = "com.apple.product-type.bundle.ui-testing";
		};
/* End PBXNativeTarget section */

/* Begin PBXProject section */
		AB80E3F924C8902A00A16D75 /* Project object */ = {
			isa = PBXProject;
			attributes = {
				LastSwiftUpdateCheck = 1160;
				LastUpgradeCheck = 1160;
				ORGANIZATIONNAME = KWK;
				TargetAttributes = {
					AB80E40024C8902A00A16D75 = {
						CreatedOnToolsVersion = 11.6;
					};
					AB80E41924C8902C00A16D75 = {
						CreatedOnToolsVersion = 11.6;
						TestTargetID = AB80E40024C8902A00A16D75;
					};
					AB80E42424C8902C00A16D75 = {
						CreatedOnToolsVersion = 11.6;
						TestTargetID = AB80E40024C8902A00A16D75;
					};
				};
			};
			buildConfigurationList = AB80E3FC24C8902A00A16D75 /* Build configuration list for PBXProject "StoryBoardIntro" */;
			compatibilityVersion = "Xcode 9.3";
			developmentRegion = en;
			hasScannedForEncodings = 0;
			knownRegions = (
				en,
				Base,
			);
			mainGroup = AB80E3F824C8902A00A16D75;
			productRefGroup = AB80E40224C8902A00A16D75 /* Products */;
			projectDirPath = "";
			projectRoot = "";
			targets = (
				AB80E40024C8902A00A16D75 /* StoryBoardIntro */,
				AB80E41924C8902C00A16D75 /* StoryBoardIntroTests */,
				AB80E42424C8902C00A16D75 /* StoryBoardIntroUITests */,
			);
		};
/* End PBXProject section */

/* Begin PBXResourcesBuildPhase section */
		AB80E3FF24C8902A00A16D75 /* Resources */ = {
			isa = PBXResourcesBuildPhase;
			buildActionMask = 2147483647;
			files = (
				AB80E41424C8902C00A16D75 /* LaunchScreen.storyboard in Resources */,
				AB80E41124C8902C00A16D75 /* Assets.xcassets in Resources */,
				AB80E40C24C8902A00A16D75 /* Main.storyboard in Resources */,
			);
			runOnlyForDeploymentPostprocessing = 0;
		};
		AB80E41824C8902C00A16D75 /* Resources */ = {
			isa = PBXResourcesBuildPhase;
			buildActionMask = 2147483647;
			files = (
			);
			runOnlyForDeploymentPostprocessing = 0;
		};
		AB80E42324C8902C00A16D75 /* Resources */ = {
			isa = PBXResourcesBuildPhase;
			buildActionMask = 2147483647;
			files = (
			);
			runOnlyForDeploymentPostprocessing = 0;
		};
/* End PBXResourcesBuildPhase section */

/* Begin PBXSourcesBuildPhase section */
		AB80E3FD24C8902A00A16D75 /* Sources */ = {
			isa = PBXSourcesBuildPhase;
			buildActionMask = 2147483647;
			files = (
				AB80E40924C8902A00A16D75 /* ViewController.swift in Sources */,
				AB80E40F24C8902A00A16D75 /* StoryBoardIntro.xcdatamodeld in Sources */,
				AB80E40524C8902A00A16D75 /* AppDelegate.swift in Sources */,
				AB80E40724C8902A00A16D75 /* SceneDelegate.swift in Sources */,
			);
			runOnlyForDeploymentPostprocessing = 0;
		};
		AB80E41624C8902C00A16D75 /* Sources */ = {
			isa = PBXSourcesBuildPhase;
			buildActionMask = 2147483647;
			files = (
				AB80E41F24C8902C00A16D75 /* StoryBoardIntroTests.swift in Sources */,
			);
			runOnlyForDeploymentPostprocessing = 0;
		};
		AB80E42124C8902C00A16D75 /* Sources */ = {
			isa = PBXSourcesBuildPhase;
			buildActionMask = 2147483647;
			files = (
				AB80E42A24C8902C00A16D75 /* StoryBoardIntroUITests.swift in Sources */,
			);
			runOnlyForDeploymentPostprocessing = 0;
		};
/* End PBXSourcesBuildPhase section */

/* Begin PBXTargetDependency section */
		AB80E41C24C8902C00A16D75 /* PBXTargetDependency */ = {
			isa = PBXTargetDependency;
			target = AB80E40024C8902A00A16D75 /* StoryBoardIntro */;
			targetProxy = AB80E41B24C8902C00A16D75 /* PBXContainerItemProxy */;
		};
		AB80E42724C8902C00A16D75 /* PBXTargetDependency */ = {
			isa = PBXTargetDependency;
			target = AB80E40024C8902A00A16D75 /* StoryBoardIntro */;
			targetProxy = AB80E42624C8902C00A16D75 /* PBXContainerItemProxy */;
		};
/* End PBXTargetDependency section */

/* Begin PBXVariantGroup section */
		AB80E40A24C8902A00A16D75 /* Main.storyboard */ = {
			isa = PBXVariantGroup;
			children = (
				AB80E40B24C8902A00A16D75 /* Base */,
			);
			name = Main.storyboard;
			sourceTree = "<group>";
		};
		AB80E41224C8902C00A16D75 /* LaunchScreen.storyboard */ = {
			isa = PBXVariantGroup;
			children = (
				AB80E41324C8902C00A16D75 /* Base */,
			);
			name = LaunchScreen.storyboard;
			sourceTree = "<group>";
		};
/* End PBXVariantGroup section */

/* Begin XCBuildConfiguration section */
		AB80E42C24C8902C00A16D75 /* Debug */ = {
			isa = XCBuildConfiguration;
			buildSettings = {
				ALWAYS_SEARCH_USER_PATHS = NO;
				CLANG_ANALYZER_NONNULL = YES;
				CLANG_ANALYZER_NUMBER_OBJECT_CONVERSION = YES_AGGRESSIVE;
				CLANG_CXX_LANGUAGE_STANDARD = "gnu++14";
				CLANG_CXX_LIBRARY = "libc++";
				CLANG_ENABLE_MODULES = YES;
				CLANG_ENABLE_OBJC_ARC = YES;
				CLANG_ENABLE_OBJC_WEAK = YES;
				CLANG_WARN_BLOCK_CAPTURE_AUTORELEASING = YES;
				CLANG_WARN_BOOL_CONVERSION = YES;
				CLANG_WARN_COMMA = YES;
				CLANG_WARN_CONSTANT_CONVERSION = YES;
				CLANG_WARN_DEPRECATED_OBJC_IMPLEMENTATIONS = YES;
				CLANG_WARN_DIRECT_OBJC_ISA_USAGE = YES_ERROR;
				CLANG_WARN_DOCUMENTATION_COMMENTS = YES;
				CLANG_WARN_EMPTY_BODY = YES;
				CLANG_WARN_ENUM_CONVERSION = YES;
				CLANG_WARN_INFINITE_RECURSION = YES;
				CLANG_WARN_INT_CONVERSION = YES;
				CLANG_WARN_NON_LITERAL_NULL_CONVERSION = YES;
				CLANG_WARN_OBJC_IMPLICIT_RETAIN_SELF = YES;
				CLANG_WARN_OBJC_LITERAL_CONVERSION = YES;
				CLANG_WARN_OBJC_ROOT_CLASS = YES_ERROR;
				CLANG_WARN_RANGE_LOOP_ANALYSIS = YES;
				CLANG_WARN_STRICT_PROTOTYPES = YES;
				CLANG_WARN_SUSPICIOUS_MOVE = YES;
				CLANG_WARN_UNGUARDED_AVAILABILITY = YES_AGGRESSIVE;
				CLANG_WARN_UNREACHABLE_CODE = YES;
				CLANG_WARN__DUPLICATE_METHOD_MATCH = YES;
				COPY_PHASE_STRIP = NO;
				DEBUG_INFORMATION_FORMAT = dwarf;
				ENABLE_STRICT_OBJC_MSGSEND = YES;
				ENABLE_TESTABILITY = YES;
				GCC_C_LANGUAGE_STANDARD = gnu11;
				GCC_DYNAMIC_NO_PIC = NO;
				GCC_NO_COMMON_BLOCKS = YES;
				GCC_OPTIMIZATION_LEVEL = 0;
				GCC_PREPROCESSOR_DEFINITIONS = (
					"DEBUG=1",
					"$(inherited)",
				);
				GCC_WARN_64_TO_32_BIT_CONVERSION = YES;
				GCC_WARN_ABOUT_RETURN_TYPE = YES_ERROR;
				GCC_WARN_UNDECLARED_SELECTOR = YES;
				GCC_WARN_UNINITIALIZED_AUTOS = YES_AGGRESSIVE;
				GCC_WARN_UNUSED_FUNCTION = YES;
				GCC_WARN_UNUSED_VARIABLE = YES;
				IPHONEOS_DEPLOYMENT_TARGET = 13.6;
				MTL_ENABLE_DEBUG_INFO = INCLUDE_SOURCE;
				MTL_FAST_MATH = YES;
				ONLY_ACTIVE_ARCH = YES;
				SDKROOT = iphoneos;
				SWIFT_ACTIVE_COMPILATION_CONDITIONS = DEBUG;
				SWIFT_OPTIMIZATION_LEVEL = "-Onone";
			};
			name = Debug;
		};
		AB80E42D24C8902C00A16D75 /* Release */ = {
			isa = XCBuildConfiguration;
			buildSettings = {
				ALWAYS_SEARCH_USER_PATHS = NO;
				CLANG_ANALYZER_NONNULL = YES;
				CLANG_ANALYZER_NUMBER_OBJECT_CONVERSION = YES_AGGRESSIVE;
				CLANG_CXX_LANGUAGE_STANDARD = "gnu++14";
				CLANG_CXX_LIBRARY = "libc++";
				CLANG_ENABLE_MODULES = YES;
				CLANG_ENABLE_OBJC_ARC = YES;
				CLANG_ENABLE_OBJC_WEAK = YES;
				CLANG_WARN_BLOCK_CAPTURE_AUTORELEASING = YES;
				CLANG_WARN_BOOL_CONVERSION = YES;
				CLANG_WARN_COMMA = YES;
				CLANG_WARN_CONSTANT_CONVERSION = YES;
				CLANG_WARN_DEPRECATED_OBJC_IMPLEMENTATIONS = YES;
				CLANG_WARN_DIRECT_OBJC_ISA_USAGE = YES_ERROR;
				CLANG_WARN_DOCUMENTATION_COMMENTS = YES;
				CLANG_WARN_EMPTY_BODY = YES;
				CLANG_WARN_ENUM_CONVERSION = YES;
				CLANG_WARN_INFINITE_RECURSION = YES;
				CLANG_WARN_INT_CONVERSION = YES;
				CLANG_WARN_NON_LITERAL_NULL_CONVERSION = YES;
				CLANG_WARN_OBJC_IMPLICIT_RETAIN_SELF = YES;
				CLANG_WARN_OBJC_LITERAL_CONVERSION = YES;
				CLANG_WARN_OBJC_ROOT_CLASS = YES_ERROR;
				CLANG_WARN_RANGE_LOOP_ANALYSIS = YES;
				CLANG_WARN_STRICT_PROTOTYPES = YES;
				CLANG_WARN_SUSPICIOUS_MOVE = YES;
				CLANG_WARN_UNGUARDED_AVAILABILITY = YES_AGGRESSIVE;
				CLANG_WARN_UNREACHABLE_CODE = YES;
				CLANG_WARN__DUPLICATE_METHOD_MATCH = YES;
				COPY_PHASE_STRIP = NO;
				DEBUG_INFORMATION_FORMAT = "dwarf-with-dsym";
				ENABLE_NS_ASSERTIONS = NO;
				ENABLE_STRICT_OBJC_MSGSEND = YES;
				GCC_C_LANGUAGE_STANDARD = gnu11;
				GCC_NO_COMMON_BLOCKS = YES;
				GCC_WARN_64_TO_32_BIT_CONVERSION = YES;
				GCC_WARN_ABOUT_RETURN_TYPE = YES_ERROR;
				GCC_WARN_UNDECLARED_SELECTOR = YES;
				GCC_WARN_UNINITIALIZED_AUTOS = YES_AGGRESSIVE;
				GCC_WARN_UNUSED_FUNCTION = YES;
				GCC_WARN_UNUSED_VARIABLE = YES;
				IPHONEOS_DEPLOYMENT_TARGET = 13.6;
				MTL_ENABLE_DEBUG_INFO = NO;
				MTL_FAST_MATH = YES;
				SDKROOT = iphoneos;
				SWIFT_COMPILATION_MODE = wholemodule;
				SWIFT_OPTIMIZATION_LEVEL = "-O";
				VALIDATE_PRODUCT = YES;
			};
			name = Release;
		};
		AB80E42F24C8902C00A16D75 /* Debug */ = {
			isa = XCBuildConfiguration;
			buildSettings = {
				ASSETCATALOG_COMPILER_APPICON_NAME = AppIcon;
				CODE_SIGN_STYLE = Automatic;
				INFOPLIST_FILE = StoryBoardIntro/Info.plist;
				LD_RUNPATH_SEARCH_PATHS = (
					"$(inherited)",
					"@executable_path/Frameworks",
				);
				PRODUCT_BUNDLE_IDENTIFIER = "Evelyn-Ma.StoryBoardIntro";
				PRODUCT_NAME = "$(TARGET_NAME)";
				SWIFT_VERSION = 5.0;
				TARGETED_DEVICE_FAMILY = "1,2";
			};
			name = Debug;
		};
		AB80E43024C8902C00A16D75 /* Release */ = {
			isa = XCBuildConfiguration;
			buildSettings = {
				ASSETCATALOG_COMPILER_APPICON_NAME = AppIcon;
				CODE_SIGN_STYLE = Automatic;
				INFOPLIST_FILE = StoryBoardIntro/Info.plist;
				LD_RUNPATH_SEARCH_PATHS = (
					"$(inherited)",
					"@executable_path/Frameworks",
				);
				PRODUCT_BUNDLE_IDENTIFIER = "Evelyn-Ma.StoryBoardIntro";
				PRODUCT_NAME = "$(TARGET_NAME)";
				SWIFT_VERSION = 5.0;
				TARGETED_DEVICE_FAMILY = "1,2";
			};
			name = Release;
		};
		AB80E43224C8902C00A16D75 /* Debug */ = {
			isa = XCBuildConfiguration;
			buildSettings = {
				ALWAYS_EMBED_SWIFT_STANDARD_LIBRARIES = YES;
				BUNDLE_LOADER = "$(TEST_HOST)";
				CODE_SIGN_STYLE = Automatic;
				INFOPLIST_FILE = StoryBoardIntroTests/Info.plist;
				IPHONEOS_DEPLOYMENT_TARGET = 13.6;
				LD_RUNPATH_SEARCH_PATHS = (
					"$(inherited)",
					"@executable_path/Frameworks",
					"@loader_path/Frameworks",
				);
				PRODUCT_BUNDLE_IDENTIFIER = "Evelyn-Ma.StoryBoardIntroTests";
				PRODUCT_NAME = "$(TARGET_NAME)";
				SWIFT_VERSION = 5.0;
				TARGETED_DEVICE_FAMILY = "1,2";
				TEST_HOST = "$(BUILT_PRODUCTS_DIR)/StoryBoardIntro.app/StoryBoardIntro";
			};
			name = Debug;
		};
		AB80E43324C8902C00A16D75 /* Release */ = {
			isa = XCBuildConfiguration;
			buildSettings = {
				ALWAYS_EMBED_SWIFT_STANDARD_LIBRARIES = YES;
				BUNDLE_LOADER = "$(TEST_HOST)";
				CODE_SIGN_STYLE = Automatic;
				INFOPLIST_FILE = StoryBoardIntroTests/Info.plist;
				IPHONEOS_DEPLOYMENT_TARGET = 13.6;
				LD_RUNPATH_SEARCH_PATHS = (
					"$(inherited)",
					"@executable_path/Frameworks",
					"@loader_path/Frameworks",
				);
				PRODUCT_BUNDLE_IDENTIFIER = "Evelyn-Ma.StoryBoardIntroTests";
				PRODUCT_NAME = "$(TARGET_NAME)";
				SWIFT_VERSION = 5.0;
				TARGETED_DEVICE_FAMILY = "1,2";
				TEST_HOST = "$(BUILT_PRODUCTS_DIR)/StoryBoardIntro.app/StoryBoardIntro";
			};
			name = Release;
		};
		AB80E43524C8902C00A16D75 /* Debug */ = {
			isa = XCBuildConfiguration;
			buildSettings = {
				ALWAYS_EMBED_SWIFT_STANDARD_LIBRARIES = YES;
				CODE_SIGN_STYLE = Automatic;
				INFOPLIST_FILE = StoryBoardIntroUITests/Info.plist;
				LD_RUNPATH_SEARCH_PATHS = (
					"$(inherited)",
					"@executable_path/Frameworks",
					"@loader_path/Frameworks",
				);
				PRODUCT_BUNDLE_IDENTIFIER = "Evelyn-Ma.StoryBoardIntroUITests";
				PRODUCT_NAME = "$(TARGET_NAME)";
				SWIFT_VERSION = 5.0;
				TARGETED_DEVICE_FAMILY = "1,2";
				TEST_TARGET_NAME = StoryBoardIntro;
			};
			name = Debug;
		};
		AB80E43624C8902C00A16D75 /* Release */ = {
			isa = XCBuildConfiguration;
			buildSettings = {
				ALWAYS_EMBED_SWIFT_STANDARD_LIBRARIES = YES;
				CODE_SIGN_STYLE = Automatic;
				INFOPLIST_FILE = StoryBoardIntroUITests/Info.plist;
				LD_RUNPATH_SEARCH_PATHS = (
					"$(inherited)",
					"@executable_path/Frameworks",
					"@loader_path/Frameworks",
				);
				PRODUCT_BUNDLE_IDENTIFIER = "Evelyn-Ma.StoryBoardIntroUITests";
				PRODUCT_NAME = "$(TARGET_NAME)";
				SWIFT_VERSION = 5.0;
				TARGETED_DEVICE_FAMILY = "1,2";
				TEST_TARGET_NAME = StoryBoardIntro;
			};
			name = Release;
		};
/* End XCBuildConfiguration section */

/* Begin XCConfigurationList section */
		AB80E3FC24C8902A00A16D75 /* Build configuration list for PBXProject "StoryBoardIntro" */ = {
			isa = XCConfigurationList;
			buildConfigurations = (
				AB80E42C24C8902C00A16D75 /* Debug */,
				AB80E42D24C8902C00A16D75 /* Release */,
			);
			defaultConfigurationIsVisible = 0;
			defaultConfigurationName = Release;
		};
		AB80E42E24C8902C00A16D75 /* Build configuration list for PBXNativeTarget "StoryBoardIntro" */ = {
			isa = XCConfigurationList;
			buildConfigurations = (
				AB80E42F24C8902C00A16D75 /* Debug */,
				AB80E43024C8902C00A16D75 /* Release */,
			);
			defaultConfigurationIsVisible = 0;
			defaultConfigurationName = Release;
		};
		AB80E43124C8902C00A16D75 /* Build configuration list for PBXNativeTarget "StoryBoardIntroTests" */ = {
			isa = XCConfigurationList;
			buildConfigurations = (
				AB80E43224C8902C00A16D75 /* Debug */,
				AB80E43324C8902C00A16D75 /* Release */,
			);
			defaultConfigurationIsVisible = 0;
			defaultConfigurationName = Release;
		};
		AB80E43424C8902C00A16D75 /* Build configuration list for PBXNativeTarget "StoryBoardIntroUITests" */ = {
			isa = XCConfigurationList;
			buildConfigurations = (
				AB80E43524C8902C00A16D75 /* Debug */,
				AB80E43624C8902C00A16D75 /* Release */,
			);
			defaultConfigurationIsVisible = 0;
			defaultConfigurationName = Release;
		};
/* End XCConfigurationList section */

/* Begin XCVersionGroup section */
		AB80E40D24C8902A00A16D75 /* StoryBoardIntro.xcdatamodeld */ = {
			isa = XCVersionGroup;
			children = (
				AB80E40E24C8902A00A16D75 /* StoryBoardIntro.xcdatamodel */,
			);
			currentVersion = AB80E40E24C8902A00A16D75 /* StoryBoardIntro.xcdatamodel */;
			path = StoryBoardIntro.xcdatamodeld;
			sourceTree = "<group>";
			versionGroupType = wrapper.xcdatamodel;
		};
/* End XCVersionGroup section */
	};
	rootObject = AB80E3F924C8902A00A16D75 /* Project object */;
}
